
Microsoft Visual Studio Solution File, Format Version 12.00
# Visual Studio Version 16
VisualStudioVersion = 16.0.29613.14
MinimumVisualStudioVersion = 10.0.40219.1
Project("{FAE04EC0-301F-11D3-BF4B-00C04F79EFBC}") = "hello-blazor", "hello-blazor\hello-blazor.csproj", "{01DB83CE-6EFE-4584-B931-0C9E94614A62}"
EndProject
Global
	GlobalSection(SolutionConfigurationPlatforms) = preSolution
		Debug|Any CPU = Debug|Any CPU
		Release|Any CPU = Release|Any CPU
	EndGlobalSection
	GlobalSection(ProjectConfigurationPlatforms) = postSolution
		{01DB83CE-6EFE-4584-B931-0C9E94614A62}.Debug|Any CPU.ActiveCfg = Debug|Any CPU
		{01DB83CE-6EFE-4584-B931-0C9E94614A62}.Debug|Any CPU.Build.0 = Debug|Any CPU
		{01DB83CE-6EFE-4584-B931-0C9E94614A62}.Release|Any CPU.ActiveCfg = Release|Any CPU
		{01DB83CE-6EFE-4584-B931-0C9E94614A62}.Release|Any CPU.Build.0 = Release|Any CPU
	EndGlobalSection
	GlobalSection(SolutionProperties) = preSolution
		HideSolutionNode = FALSE
	EndGlobalSection
	GlobalSection(ExtensibilityGlobals) = postSolution
		SolutionGuid = {5D87BF8D-EBDF-4ED1-AC75-84C312F491FC}
	EndGlobalSection
EndGlobal
